// !$*UTF8*$!
{
	archiveVersion = 1;
	classes = {
	};
	objectVersion = 56;
	objects = {

/* Begin PBXBuildFile section */
		3C0292BD2AB4507500F6445F /* Exercise4_Waobikeze_BrianApp.swift in Sources */ = {isa = PBXBuildFile; fileRef = 3C0292BC2AB4507500F6445F /* Exercise4_Waobikeze_BrianApp.swift */; };
		3C0292BF2AB4507500F6445F /* ContentView.swift in Sources */ = {isa = PBXBuildFile; fileRef = 3C0292BE2AB4507500F6445F /* ContentView.swift */; };
		3C0292C12AB4507700F6445F /* Assets.xcassets in Resources */ = {isa = PBXBuildFile; fileRef = 3C0292C02AB4507700F6445F /* Assets.xcassets */; };
		3C0292C42AB4507700F6445F /* Preview Assets.xcassets in Resources */ = {isa = PBXBuildFile; fileRef = 3C0292C32AB4507700F6445F /* Preview Assets.xcassets */; };
		3C0292CE2AB4507800F6445F /* Exercise4_Waobikeze_BrianTests.swift in Sources */ = {isa = PBXBuildFile; fileRef = 3C0292CD2AB4507800F6445F /* Exercise4_Waobikeze_BrianTests.swift */; };
		3C0292D82AB4507800F6445F /* Exercise4_Waobikeze_BrianUITests.swift in Sources */ = {isa = PBXBuildFile; fileRef = 3C0292D72AB4507800F6445F /* Exercise4_Waobikeze_BrianUITests.swift */; };
		3C0292DA2AB4507800F6445F /* Exercise4_Waobikeze_BrianUITestsLaunchTests.swift in Sources */ = {isa = PBXBuildFile; fileRef = 3C0292D92AB4507800F6445F /* Exercise4_Waobikeze_BrianUITestsLaunchTests.swift */; };
/* End PBXBuildFile section */

/* Begin PBXContainerItemProxy section */
		3C0292CA2AB4507800F6445F /* PBXContainerItemProxy */ = {
			isa = PBXContainerItemProxy;
			containerPortal = 3C0292B12AB4507500F6445F /* Project object */;
			proxyType = 1;
			remoteGlobalIDString = 3C0292B82AB4507500F6445F;
			remoteInfo = Exercise4_Waobikeze_Brian;
		};
		3C0292D42AB4507800F6445F /* PBXContainerItemProxy */ = {
			isa = PBXContainerItemProxy;
			containerPortal = 3C0292B12AB4507500F6445F /* Project object */;
			proxyType = 1;
			remoteGlobalIDString = 3C0292B82AB4507500F6445F;
			remoteInfo = Exercise4_Waobikeze_Brian;
		};
/* End PBXContainerItemProxy section */

/* Begin PBXFileReference section */
		3C0292B92AB4507500F6445F /* Exercise4_Waobikeze_Brian.app */ = {isa = PBXFileReference; explicitFileType = wrapper.application; includeInIndex = 0; path = Exercise4_Waobikeze_Brian.app; sourceTree = BUILT_PRODUCTS_DIR; };
		3C0292BC2AB4507500F6445F /* Exercise4_Waobikeze_BrianApp.swift */ = {isa = PBXFileReference; lastKnownFileType = sourcecode.swift; path = Exercise4_Waobikeze_BrianApp.swift; sourceTree = "<group>"; };
		3C0292BE2AB4507500F6445F /* ContentView.swift */ = {isa = PBXFileReference; lastKnownFileType = sourcecode.swift; path = ContentView.swift; sourceTree = "<group>"; };
		3C0292C02AB4507700F6445F /* Assets.xcassets */ = {isa = PBXFileReference; lastKnownFileType = folder.assetcatalog; path = Assets.xcassets; sourceTree = "<group>"; };
		3C0292C32AB4507700F6445F /* Preview Assets.xcassets */ = {isa = PBXFileReference; lastKnownFileType = folder.assetcatalog; path = "Preview Assets.xcassets"; sourceTree = "<group>"; };
		3C0292C92AB4507800F6445F /* Exercise4_Waobikeze_BrianTests.xctest */ = {isa = PBXFileReference; explicitFileType = wrapper.cfbundle; includeInIndex = 0; path = Exercise4_Waobikeze_BrianTests.xctest; sourceTree = BUILT_PRODUCTS_DIR; };
		3C0292CD2AB4507800F6445F /* Exercise4_Waobikeze_BrianTests.swift */ = {isa = PBXFileReference; lastKnownFileType = sourcecode.swift; path = Exercise4_Waobikeze_BrianTests.swift; sourceTree = "<group>"; };
		3C0292D32AB4507800F6445F /* Exercise4_Waobikeze_BrianUITests.xctest */ = {isa = PBXFileReference; explicitFileType = wrapper.cfbundle; includeInIndex = 0; path = Exercise4_Waobikeze_BrianUITests.xctest; sourceTree = BUILT_PRODUCTS_DIR; };
		3C0292D72AB4507800F6445F /* Exercise4_Waobikeze_BrianUITests.swift */ = {isa = PBXFileReference; lastKnownFileType = sourcecode.swift; path = Exercise4_Waobikeze_BrianUITests.swift; sourceTree = "<group>"; };
		3C0292D92AB4507800F6445F /* Exercise4_Waobikeze_BrianUITestsLaunchTests.swift */ = {isa = PBXFileReference; lastKnownFileType = sourcecode.swift; path = Exercise4_Waobikeze_BrianUITestsLaunchTests.swift; sourceTree = "<group>"; };
/* End PBXFileReference section */

/* Begin PBXFrameworksBuildPhase section */
		3C0292B62AB4507500F6445F /* Frameworks */ = {
			isa = PBXFrameworksBuildPhase;
			buildActionMask = 2147483647;
			files = (
			);
			runOnlyForDeploymentPostprocessing = 0;
		};
		3C0292C62AB4507800F6445F /* Frameworks */ = {
			isa = PBXFrameworksBuildPhase;
			buildActionMask = 2147483647;
			files = (
			);
			runOnlyForDeploymentPostprocessing = 0;
		};
		3C0292D02AB4507800F6445F /* Frameworks */ = {
			isa = PBXFrameworksBuildPhase;
			buildActionMask = 2147483647;
			files = (
			);
			runOnlyForDeploymentPostprocessing = 0;
		};
/* End PBXFrameworksBuildPhase section */

/* Begin PBXGroup section */
		3C0292B02AB4507500F6445F = {
			isa = PBXGroup;
			children = (
				3C0292BB2AB4507500F6445F /* Exercise4_Waobikeze_Brian */,
				3C0292CC2AB4507800F6445F /* Exercise4_Waobikeze_BrianTests */,
				3C0292D62AB4507800F6445F /* Exercise4_Waobikeze_BrianUITests */,
				3C0292BA2AB4507500F6445F /* Products */,
			);
			sourceTree = "<group>";
		};
		3C0292BA2AB4507500F6445F /* Products */ = {
			isa = PBXGroup;
			children = (
				3C0292B92AB4507500F6445F /* Exercise4_Waobikeze_Brian.app */,
				3C0292C92AB4507800F6445F /* Exercise4_Waobikeze_BrianTests.xctest */,
				3C0292D32AB4507800F6445F /* Exercise4_Waobikeze_BrianUITests.xctest */,
			);
			name = Products;
			sourceTree = "<group>";
		};
		3C0292BB2AB4507500F6445F /* Exercise4_Waobikeze_Brian */ = {
			isa = PBXGroup;
			children = (
				3C0292BC2AB4507500F6445F /* Exercise4_Waobikeze_BrianApp.swift */,
				3C0292BE2AB4507500F6445F /* ContentView.swift */,
				3C0292C02AB4507700F6445F /* Assets.xcassets */,
				3C0292C22AB4507700F6445F /* Preview Content */,
			);
			path = Exercise4_Waobikeze_Brian;
			sourceTree = "<group>";
		};
		3C0292C22AB4507700F6445F /* Preview Content */ = {
			isa = PBXGroup;
			children = (
				3C0292C32AB4507700F6445F /* Preview Assets.xcassets */,
			);
			path = "Preview Content";
			sourceTree = "<group>";
		};
		3C0292CC2AB4507800F6445F /* Exercise4_Waobikeze_BrianTests */ = {
			isa = PBXGroup;
			children = (
				3C0292CD2AB4507800F6445F /* Exercise4_Waobikeze_BrianTests.swift */,
			);
			path = Exercise4_Waobikeze_BrianTests;
			sourceTree = "<group>";
		};
		3C0292D62AB4507800F6445F /* Exercise4_Waobikeze_BrianUITests */ = {
			isa = PBXGroup;
			children = (
				3C0292D72AB4507800F6445F /* Exercise4_Waobikeze_BrianUITests.swift */,
				3C0292D92AB4507800F6445F /* Exercise4_Waobikeze_BrianUITestsLaunchTests.swift */,
			);
			path = Exercise4_Waobikeze_BrianUITests;
			sourceTree = "<group>";
		};
/* End PBXGroup section */

/* Begin PBXNativeTarget section */
		3C0292B82AB4507500F6445F /* Exercise4_Waobikeze_Brian */ = {
			isa = PBXNativeTarget;
			buildConfigurationList = 3C0292DD2AB4507800F6445F /* Build configuration list for PBXNativeTarget "Exercise4_Waobikeze_Brian" */;
			buildPhases = (
				3C0292B52AB4507500F6445F /* Sources */,
				3C0292B62AB4507500F6445F /* Frameworks */,
				3C0292B72AB4507500F6445F /* Resources */,
			);
			buildRules = (
			);
			dependencies = (
			);
			name = Exercise4_Waobikeze_Brian;
			productName = Exercise4_Waobikeze_Brian;
			productReference = 3C0292B92AB4507500F6445F /* Exercise4_Waobikeze_Brian.app */;
			productType = "com.apple.product-type.application";
		};
		3C0292C82AB4507800F6445F /* Exercise4_Waobikeze_BrianTests */ = {
			isa = PBXNativeTarget;
			buildConfigurationList = 3C0292E02AB4507800F6445F /* Build configuration list for PBXNativeTarget "Exercise4_Waobikeze_BrianTests" */;
			buildPhases = (
				3C0292C52AB4507800F6445F /* Sources */,
				3C0292C62AB4507800F6445F /* Frameworks */,
				3C0292C72AB4507800F6445F /* Resources */,
			);
			buildRules = (
			);
			dependencies = (
				3C0292CB2AB4507800F6445F /* PBXTargetDependency */,
			);
			name = Exercise4_Waobikeze_BrianTests;
			productName = Exercise4_Waobikeze_BrianTests;
			productReference = 3C0292C92AB4507800F6445F /* Exercise4_Waobikeze_BrianTests.xctest */;
			productType = "com.apple.product-type.bundle.unit-test";
		};
		3C0292D22AB4507800F6445F /* Exercise4_Waobikeze_BrianUITests */ = {
			isa = PBXNativeTarget;
			buildConfigurationList = 3C0292E32AB4507800F6445F /* Build configuration list for PBXNativeTarget "Exercise4_Waobikeze_BrianUITests" */;
			buildPhases = (
				3C0292CF2AB4507800F6445F /* Sources */,
				3C0292D02AB4507800F6445F /* Frameworks */,
				3C0292D12AB4507800F6445F /* Resources */,
			);
			buildRules = (
			);
			dependencies = (
				3C0292D52AB4507800F6445F /* PBXTargetDependency */,
			);
			name = Exercise4_Waobikeze_BrianUITests;
			productName = Exercise4_Waobikeze_BrianUITests;
			productReference = 3C0292D32AB4507800F6445F /* Exercise4_Waobikeze_BrianUITests.xctest */;
			productType = "com.apple.product-type.bundle.ui-testing";
		};
/* End PBXNativeTarget section */

/* Begin PBXProject section */
		3C0292B12AB4507500F6445F /* Project object */ = {
			isa = PBXProject;
			attributes = {
				BuildIndependentTargetsInParallel = 1;
				LastSwiftUpdateCheck = 1430;
				LastUpgradeCheck = 1430;
				TargetAttributes = {
					3C0292B82AB4507500F6445F = {
						CreatedOnToolsVersion = 14.3.1;
					};
					3C0292C82AB4507800F6445F = {
						CreatedOnToolsVersion = 14.3.1;
						TestTargetID = 3C0292B82AB4507500F6445F;
					};
					3C0292D22AB4507800F6445F = {
						CreatedOnToolsVersion = 14.3.1;
						TestTargetID = 3C0292B82AB4507500F6445F;
					};
				};
			};
			buildConfigurationList = 3C0292B42AB4507500F6445F /* Build configuration list for PBXProject "Exercise4_Waobikeze_Brian" */;
			compatibilityVersion = "Xcode 14.0";
			developmentRegion = en;
			hasScannedForEncodings = 0;
			knownRegions = (
				en,
				Base,
			);
			mainGroup = 3C0292B02AB4507500F6445F;
			productRefGroup = 3C0292BA2AB4507500F6445F /* Products */;
			projectDirPath = "";
			projectRoot = "";
			targets = (
				3C0292B82AB4507500F6445F /* Exercise4_Waobikeze_Brian */,
				3C0292C82AB4507800F6445F /* Exercise4_Waobikeze_BrianTests */,
				3C0292D22AB4507800F6445F /* Exercise4_Waobikeze_BrianUITests */,
			);
		};
/* End PBXProject section */

/* Begin PBXResourcesBuildPhase section */
		3C0292B72AB4507500F6445F /* Resources */ = {
			isa = PBXResourcesBuildPhase;
			buildActionMask = 2147483647;
			files = (
				3C0292C42AB4507700F6445F /* Preview Assets.xcassets in Resources */,
				3C0292C12AB4507700F6445F /* Assets.xcassets in Resources */,
			);
			runOnlyForDeploymentPostprocessing = 0;
		};
		3C0292C72AB4507800F6445F /* Resources */ = {
			isa = PBXResourcesBuildPhase;
			buildActionMask = 2147483647;
			files = (
			);
			runOnlyForDeploymentPostprocessing = 0;
		};
		3C0292D12AB4507800F6445F /* Resources */ = {
			isa = PBXResourcesBuildPhase;
			buildActionMask = 2147483647;
			files = (
			);
			runOnlyForDeploymentPostprocessing = 0;
		};
/* End PBXResourcesBuildPhase section */

/* Begin PBXSourcesBuildPhase section */
		3C0292B52AB4507500F6445F /* Sources */ = {
			isa = PBXSourcesBuildPhase;
			buildActionMask = 2147483647;
			files = (
				3C0292BF2AB4507500F6445F /* ContentView.swift in Sources */,
				3C0292BD2AB4507500F6445F /* Exercise4_Waobikeze_BrianApp.swift in Sources */,
			);
			runOnlyForDeploymentPostprocessing = 0;
		};
		3C0292C52AB4507800F6445F /* Sources */ = {
			isa = PBXSourcesBuildPhase;
			buildActionMask = 2147483647;
			files = (
				3C0292CE2AB4507800F6445F /* Exercise4_Waobikeze_BrianTests.swift in Sources */,
			);
			runOnlyForDeploymentPostprocessing = 0;
		};
		3C0292CF2AB4507800F6445F /* Sources */ = {
			isa = PBXSourcesBuildPhase;
			buildActionMask = 2147483647;
			files = (
				3C0292DA2AB4507800F6445F /* Exercise4_Waobikeze_BrianUITestsLaunchTests.swift in Sources */,
				3C0292D82AB4507800F6445F /* Exercise4_Waobikeze_BrianUITests.swift in Sources */,
			);
			runOnlyForDeploymentPostprocessing = 0;
		};
/* End PBXSourcesBuildPhase section */

/* Begin PBXTargetDependency section */
		3C0292CB2AB4507800F6445F /* PBXTargetDependency */ = {
			isa = PBXTargetDependency;
			target = 3C0292B82AB4507500F6445F /* Exercise4_Waobikeze_Brian */;
			targetProxy = 3C0292CA2AB4507800F6445F /* PBXContainerItemProxy */;
		};
		3C0292D52AB4507800F6445F /* PBXTargetDependency */ = {
			isa = PBXTargetDependency;
			target = 3C0292B82AB4507500F6445F /* Exercise4_Waobikeze_Brian */;
			targetProxy = 3C0292D42AB4507800F6445F /* PBXContainerItemProxy */;
		};
/* End PBXTargetDependency section */

/* Begin XCBuildConfiguration section */
		3C0292DB2AB4507800F6445F /* Debug */ = {
			isa = XCBuildConfiguration;
			buildSettings = {
				ALWAYS_SEARCH_USER_PATHS = NO;
				CLANG_ANALYZER_NONNULL = YES;
				CLANG_ANALYZER_NUMBER_OBJECT_CONVERSION = YES_AGGRESSIVE;
				CLANG_CXX_LANGUAGE_STANDARD = "gnu++20";
				CLANG_ENABLE_MODULES = YES;
				CLANG_ENABLE_OBJC_ARC = YES;
				CLANG_ENABLE_OBJC_WEAK = YES;
				CLANG_WARN_BLOCK_CAPTURE_AUTORELEASING = YES;
				CLANG_WARN_BOOL_CONVERSION = YES;
				CLANG_WARN_COMMA = YES;
				CLANG_WARN_CONSTANT_CONVERSION = YES;
				CLANG_WARN_DEPRECATED_OBJC_IMPLEMENTATIONS = YES;
				CLANG_WARN_DIRECT_OBJC_ISA_USAGE = YES_ERROR;
				CLANG_WARN_DOCUMENTATION_COMMENTS = YES;
				CLANG_WARN_EMPTY_BODY = YES;
				CLANG_WARN_ENUM_CONVERSION = YES;
				CLANG_WARN_INFINITE_RECURSION = YES;
				CLANG_WARN_INT_CONVERSION = YES;
				CLANG_WARN_NON_LITERAL_NULL_CONVERSION = YES;
				CLANG_WARN_OBJC_IMPLICIT_RETAIN_SELF = YES;
				CLANG_WARN_OBJC_LITERAL_CONVERSION = YES;
				CLANG_WARN_OBJC_ROOT_CLASS = YES_ERROR;
				CLANG_WARN_QUOTED_INCLUDE_IN_FRAMEWORK_HEADER = YES;
				CLANG_WARN_RANGE_LOOP_ANALYSIS = YES;
				CLANG_WARN_STRICT_PROTOTYPES = YES;
				CLANG_WARN_SUSPICIOUS_MOVE = YES;
				CLANG_WARN_UNGUARDED_AVAILABILITY = YES_AGGRESSIVE;
				CLANG_WARN_UNREACHABLE_CODE = YES;
				CLANG_WARN__DUPLICATE_METHOD_MATCH = YES;
				COPY_PHASE_STRIP = NO;
				DEBUG_INFORMATION_FORMAT = dwarf;
				ENABLE_STRICT_OBJC_MSGSEND = YES;
				ENABLE_TESTABILITY = YES;
				GCC_C_LANGUAGE_STANDARD = gnu11;
				GCC_DYNAMIC_NO_PIC = NO;
				GCC_NO_COMMON_BLOCKS = YES;
				GCC_OPTIMIZATION_LEVEL = 0;
				GCC_PREPROCESSOR_DEFINITIONS = (
					"DEBUG=1",
					"$(inherited)",
				);
				GCC_WARN_64_TO_32_BIT_CONVERSION = YES;
				GCC_WARN_ABOUT_RETURN_TYPE = YES_ERROR;
				GCC_WARN_UNDECLARED_SELECTOR = YES;
				GCC_WARN_UNINITIALIZED_AUTOS = YES_AGGRESSIVE;
				GCC_WARN_UNUSED_FUNCTION = YES;
				GCC_WARN_UNUSED_VARIABLE = YES;
				IPHONEOS_DEPLOYMENT_TARGET = 16.4;
				MTL_ENABLE_DEBUG_INFO = INCLUDE_SOURCE;
				MTL_FAST_MATH = YES;
				ONLY_ACTIVE_ARCH = YES;
				SDKROOT = iphoneos;
				SWIFT_ACTIVE_COMPILATION_CONDITIONS = DEBUG;
				SWIFT_OPTIMIZATION_LEVEL = "-Onone";
			};
			name = Debug;
		};
		3C0292DC2AB4507800F6445F /* Release */ = {
			isa = XCBuildConfiguration;
			buildSettings = {
				ALWAYS_SEARCH_USER_PATHS = NO;
				CLANG_ANALYZER_NONNULL = YES;
				CLANG_ANALYZER_NUMBER_OBJECT_CONVERSION = YES_AGGRESSIVE;
				CLANG_CXX_LANGUAGE_STANDARD = "gnu++20";
				CLANG_ENABLE_MODULES = YES;
				CLANG_ENABLE_OBJC_ARC = YES;
				CLANG_ENABLE_OBJC_WEAK = YES;
				CLANG_WARN_BLOCK_CAPTURE_AUTORELEASING = YES;
				CLANG_WARN_BOOL_CONVERSION = YES;
				CLANG_WARN_COMMA = YES;
				CLANG_WARN_CONSTANT_CONVERSION = YES;
				CLANG_WARN_DEPRECATED_OBJC_IMPLEMENTATIONS = YES;
				CLANG_WARN_DIRECT_OBJC_ISA_USAGE = YES_ERROR;
				CLANG_WARN_DOCUMENTATION_COMMENTS = YES;
				CLANG_WARN_EMPTY_BODY = YES;
				CLANG_WARN_ENUM_CONVERSION = YES;
				CLANG_WARN_INFINITE_RECURSION = YES;
				CLANG_WARN_INT_CONVERSION = YES;
				CLANG_WARN_NON_LITERAL_NULL_CONVERSION = YES;
				CLANG_WARN_OBJC_IMPLICIT_RETAIN_SELF = YES;
				CLANG_WARN_OBJC_LITERAL_CONVERSION = YES;
				CLANG_WARN_OBJC_ROOT_CLASS = YES_ERROR;
				CLANG_WARN_QUOTED_INCLUDE_IN_FRAMEWORK_HEADER = YES;
				CLANG_WARN_RANGE_LOOP_ANALYSIS = YES;
				CLANG_WARN_STRICT_PROTOTYPES = YES;
				CLANG_WARN_SUSPICIOUS_MOVE = YES;
				CLANG_WARN_UNGUARDED_AVAILABILITY = YES_AGGRESSIVE;
				CLANG_WARN_UNREACHABLE_CODE = YES;
				CLANG_WARN__DUPLICATE_METHOD_MATCH = YES;
				COPY_PHASE_STRIP = NO;
				DEBUG_INFORMATION_FORMAT = "dwarf-with-dsym";
				ENABLE_NS_ASSERTIONS = NO;
				ENABLE_STRICT_OBJC_MSGSEND = YES;
				GCC_C_LANGUAGE_STANDARD = gnu11;
				GCC_NO_COMMON_BLOCKS = YES;
				GCC_WARN_64_TO_32_BIT_CONVERSION = YES;
				GCC_WARN_ABOUT_RETURN_TYPE = YES_ERROR;
				GCC_WARN_UNDECLARED_SELECTOR = YES;
				GCC_WARN_UNINITIALIZED_AUTOS = YES_AGGRESSIVE;
				GCC_WARN_UNUSED_FUNCTION = YES;
				GCC_WARN_UNUSED_VARIABLE = YES;
				IPHONEOS_DEPLOYMENT_TARGET = 16.4;
				MTL_ENABLE_DEBUG_INFO = NO;
				MTL_FAST_MATH = YES;
				SDKROOT = iphoneos;
				SWIFT_COMPILATION_MODE = wholemodule;
				SWIFT_OPTIMIZATION_LEVEL = "-O";
				VALIDATE_PRODUCT = YES;
			};
			name = Release;
		};
		3C0292DE2AB4507800F6445F /* Debug */ = {
			isa = XCBuildConfiguration;
			buildSettings = {
				ASSETCATALOG_COMPILER_APPICON_NAME = AppIcon;
				ASSETCATALOG_COMPILER_GLOBAL_ACCENT_COLOR_NAME = AccentColor;
				CODE_SIGN_STYLE = Automatic;
				CURRENT_PROJECT_VERSION = 1;
				DEVELOPMENT_ASSET_PATHS = "\"Exercise4_Waobikeze_Brian/Preview Content\"";
				ENABLE_PREVIEWS = YES;
				GENERATE_INFOPLIST_FILE = YES;
				INFOPLIST_KEY_UIApplicationSceneManifest_Generation = YES;
				INFOPLIST_KEY_UIApplicationSupportsIndirectInputEvents = YES;
				INFOPLIST_KEY_UILaunchScreen_Generation = YES;
				INFOPLIST_KEY_UISupportedInterfaceOrientations_iPad = "UIInterfaceOrientationPortrait UIInterfaceOrientationPortraitUpsideDown UIInterfaceOrientationLandscapeLeft UIInterfaceOrientationLandscapeRight";
				INFOPLIST_KEY_UISupportedInterfaceOrientations_iPhone = "UIInterfaceOrientationPortrait UIInterfaceOrientationLandscapeLeft UIInterfaceOrientationLandscapeRight";
				LD_RUNPATH_SEARCH_PATHS = (
					"$(inherited)",
					"@executable_path/Frameworks",
				);
				MARKETING_VERSION = 1.0;
				PRODUCT_BUNDLE_IDENTIFIER = "cpp.Exercise4-Waobikeze-Brian";
				PRODUCT_NAME = "$(TARGET_NAME)";
				SWIFT_EMIT_LOC_STRINGS = YES;
				SWIFT_VERSION = 5.0;
				TARGETED_DEVICE_FAMILY = "1,2";
			};
			name = Debug;
		};
		3C0292DF2AB4507800F6445F /* Release */ = {
			isa = XCBuildConfiguration;
			buildSettings = {
				ASSETCATALOG_COMPILER_APPICON_NAME = AppIcon;
				ASSETCATALOG_COMPILER_GLOBAL_ACCENT_COLOR_NAME = AccentColor;
				CODE_SIGN_STYLE = Automatic;
				CURRENT_PROJECT_VERSION = 1;
				DEVELOPMENT_ASSET_PATHS = "\"Exercise4_Waobikeze_Brian/Preview Content\"";
				ENABLE_PREVIEWS = YES;
				GENERATE_INFOPLIST_FILE = YES;
				INFOPLIST_KEY_UIApplicationSceneManifest_Generation = YES;
				INFOPLIST_KEY_UIApplicationSupportsIndirectInputEvents = YES;
				INFOPLIST_KEY_UILaunchScreen_Generation = YES;
				INFOPLIST_KEY_UISupportedInterfaceOrientations_iPad = "UIInterfaceOrientationPortrait UIInterfaceOrientationPortraitUpsideDown UIInterfaceOrientationLandscapeLeft UIInterfaceOrientationLandscapeRight";
				INFOPLIST_KEY_UISupportedInterfaceOrientations_iPhone = "UIInterfaceOrientationPortrait UIInterfaceOrientationLandscapeLeft UIInterfaceOrientationLandscapeRight";
				LD_RUNPATH_SEARCH_PATHS = (
					"$(inherited)",
					"@executable_path/Frameworks",
				);
				MARKETING_VERSION = 1.0;
				PRODUCT_BUNDLE_IDENTIFIER = "cpp.Exercise4-Waobikeze-Brian";
				PRODUCT_NAME = "$(TARGET_NAME)";
				SWIFT_EMIT_LOC_STRINGS = YES;
				SWIFT_VERSION = 5.0;
				TARGETED_DEVICE_FAMILY = "1,2";
			};
			name = Release;
		};
		3C0292E12AB4507800F6445F /* Debug */ = {
			isa = XCBuildConfiguration;
			buildSettings = {
				ALWAYS_EMBED_SWIFT_STANDARD_LIBRARIES = YES;
				BUNDLE_LOADER = "$(TEST_HOST)";
				CODE_SIGN_STYLE = Automatic;
				CURRENT_PROJECT_VERSION = 1;
				GENERATE_INFOPLIST_FILE = YES;
				IPHONEOS_DEPLOYMENT_TARGET = 16.4;
				MARKETING_VERSION = 1.0;
				PRODUCT_BUNDLE_IDENTIFIER = "cpp.Exercise4-Waobikeze-BrianTests";
				PRODUCT_NAME = "$(TARGET_NAME)";
				SWIFT_EMIT_LOC_STRINGS = NO;
				SWIFT_VERSION = 5.0;
				TARGETED_DEVICE_FAMILY = "1,2";
				TEST_HOST = "$(BUILT_PRODUCTS_DIR)/Exercise4_Waobikeze_Brian.app/$(BUNDLE_EXECUTABLE_FOLDER_PATH)/Exercise4_Waobikeze_Brian";
			};
			name = Debug;
		};
		3C0292E22AB4507800F6445F /* Release */ = {
			isa = XCBuildConfiguration;
			buildSettings = {
				ALWAYS_EMBED_SWIFT_STANDARD_LIBRARIES = YES;
				BUNDLE_LOADER = "$(TEST_HOST)";
				CODE_SIGN_STYLE = Automatic;
				CURRENT_PROJECT_VERSION = 1;
				GENERATE_INFOPLIST_FILE = YES;
				IPHONEOS_DEPLOYMENT_TARGET = 16.4;
				MARKETING_VERSION = 1.0;
				PRODUCT_BUNDLE_IDENTIFIER = "cpp.Exercise4-Waobikeze-BrianTests";
				PRODUCT_NAME = "$(TARGET_NAME)";
				SWIFT_EMIT_LOC_STRINGS = NO;
				SWIFT_VERSION = 5.0;
				TARGETED_DEVICE_FAMILY = "1,2";
				TEST_HOST = "$(BUILT_PRODUCTS_DIR)/Exercise4_Waobikeze_Brian.app/$(BUNDLE_EXECUTABLE_FOLDER_PATH)/Exercise4_Waobikeze_Brian";
			};
			name = Release;
		};
		3C0292E42AB4507800F6445F /* Debug */ = {
			isa = XCBuildConfiguration;
			buildSettings = {
				ALWAYS_EMBED_SWIFT_STANDARD_LIBRARIES = YES;
				CODE_SIGN_STYLE = Automatic;
				CURRENT_PROJECT_VERSION = 1;
				GENERATE_INFOPLIST_FILE = YES;
				MARKETING_VERSION = 1.0;
				PRODUCT_BUNDLE_IDENTIFIER = "cpp.Exercise4-Waobikeze-BrianUITests";
				PRODUCT_NAME = "$(TARGET_NAME)";
				SWIFT_EMIT_LOC_STRINGS = NO;
				SWIFT_VERSION = 5.0;
				TARGETED_DEVICE_FAMILY = "1,2";
				TEST_TARGET_NAME = Exercise4_Waobikeze_Brian;
			};
			name = Debug;
		};
		3C0292E52AB4507800F6445F /* Release */ = {
			isa = XCBuildConfiguration;
			buildSettings = {
				ALWAYS_EMBED_SWIFT_STANDARD_LIBRARIES = YES;
				CODE_SIGN_STYLE = Automatic;
				CURRENT_PROJECT_VERSION = 1;
				GENERATE_INFOPLIST_FILE = YES;
				MARKETING_VERSION = 1.0;
				PRODUCT_BUNDLE_IDENTIFIER = "cpp.Exercise4-Waobikeze-BrianUITests";
				PRODUCT_NAME = "$(TARGET_NAME)";
				SWIFT_EMIT_LOC_STRINGS = NO;
				SWIFT_VERSION = 5.0;
				TARGETED_DEVICE_FAMILY = "1,2";
				TEST_TARGET_NAME = Exercise4_Waobikeze_Brian;
			};
			name = Release;
		};
/* End XCBuildConfiguration section */

/* Begin XCConfigurationList section */
		3C0292B42AB4507500F6445F /* Build configuration list for PBXProject "Exercise4_Waobikeze_Brian" */ = {
			isa = XCConfigurationList;
			buildConfigurations = (
				3C0292DB2AB4507800F6445F /* Debug */,
				3C0292DC2AB4507800F6445F /* Release */,
			);
			defaultConfigurationIsVisible = 0;
			defaultConfigurationName = Release;
		};
		3C0292DD2AB4507800F6445F /* Build configuration list for PBXNativeTarget "Exercise4_Waobikeze_Brian" */ = {
			isa = XCConfigurationList;
			buildConfigurations = (
				3C0292DE2AB4507800F6445F /* Debug */,
				3C0292DF2AB4507800F6445F /* Release */,
			);
			defaultConfigurationIsVisible = 0;
			defaultConfigurationName = Release;
		};
		3C0292E02AB4507800F6445F /* Build configuration list for PBXNativeTarget "Exercise4_Waobikeze_BrianTests" */ = {
			isa = XCConfigurationList;
			buildConfigurations = (
				3C0292E12AB4507800F6445F /* Debug */,
				3C0292E22AB4507800F6445F /* Release */,
			);
			defaultConfigurationIsVisible = 0;
			defaultConfigurationName = Release;
		};
		3C0292E32AB4507800F6445F /* Build configuration list for PBXNativeTarget "Exercise4_Waobikeze_BrianUITests" */ = {
			isa = XCConfigurationList;
			buildConfigurations = (
				3C0292E42AB4507800F6445F /* Debug */,
				3C0292E52AB4507800F6445F /* Release */,
			);
			defaultConfigurationIsVisible = 0;
			defaultConfigurationName = Release;
		};
/* End XCConfigurationList section */
	};
	rootObject = 3C0292B12AB4507500F6445F /* Project object */;
}
